
Microsoft Visual Studio Solution File, Format Version 12.00
# Visual Studio 15
VisualStudioVersion = 15.0.28307.136
MinimumVisualStudioVersion = 10.0.40219.1
Project("{FAE04EC0-301F-11D3-BF4B-00C04F79EFBC}") = "ParserGroupVK", "ParserGroupVK\ParserGroupVK.csproj", "{B6B06C25-3B5D-45E3-B993-E5468435510C}"
EndProject
Global
	GlobalSection(SolutionConfigurationPlatforms) = preSolution
		Debug|Any CPU = Debug|Any CPU
		Release|Any CPU = Release|Any CPU
	EndGlobalSection
	GlobalSection(ProjectConfigurationPlatforms) = postSolution
		{B6B06C25-3B5D-45E3-B993-E5468435510C}.Debug|Any CPU.ActiveCfg = Debug|Any CPU
		{B6B06C25-3B5D-45E3-B993-E5468435510C}.Debug|Any CPU.Build.0 = Debug|Any CPU
		{B6B06C25-3B5D-45E3-B993-E5468435510C}.Release|Any CPU.ActiveCfg = Release|Any CPU
		{B6B06C25-3B5D-45E3-B993-E5468435510C}.Release|Any CPU.Build.0 = Release|Any CPU
	EndGlobalSection
	GlobalSection(SolutionProperties) = preSolution
		HideSolutionNode = FALSE
	EndGlobalSection
	GlobalSection(ExtensibilityGlobals) = postSolution
		SolutionGuid = {3247D0AD-E279-46B8-B11F-7E371B67FEAE}
	EndGlobalSection
EndGlobal
